
Microsoft Visual Studio Solution File, Format Version 12.00
# Visual Studio Version 17
VisualStudioVersion = 17.11.35312.102
MinimumVisualStudioVersion = 10.0.40219.1
Project("{FAE04EC0-301F-11D3-BF4B-00C04F79EFBC}") = "week_5", "week_5\week_5.csproj", "{FDBE0822-FC6B-4B00-9501-9FC9BD195937}"
EndProject
Global
	GlobalSection(SolutionConfigurationPlatforms) = preSolution
		Debug|Any CPU = Debug|Any CPU
		Release|Any CPU = Release|Any CPU
	EndGlobalSection
	GlobalSection(ProjectConfigurationPlatforms) = postSolution
		{FDBE0822-FC6B-4B00-9501-9FC9BD195937}.Debug|Any CPU.ActiveCfg = Debug|Any CPU
		{FDBE0822-FC6B-4B00-9501-9FC9BD195937}.Debug|Any CPU.Build.0 = Debug|Any CPU
		{FDBE0822-FC6B-4B00-9501-9FC9BD195937}.Release|Any CPU.ActiveCfg = Release|Any CPU
		{FDBE0822-FC6B-4B00-9501-9FC9BD195937}.Release|Any CPU.Build.0 = Release|Any CPU
	EndGlobalSection
	GlobalSection(SolutionProperties) = preSolution
		HideSolutionNode = FALSE
	EndGlobalSection
	GlobalSection(ExtensibilityGlobals) = postSolution
		SolutionGuid = {2D933A3E-5028-4A88-994A-2A8EF9ACD3DB}
	EndGlobalSection
EndGlobal
