
Microsoft Visual Studio Solution File, Format Version 12.00
# Visual Studio Version 17
VisualStudioVersion = 17.11.35312.102
MinimumVisualStudioVersion = 10.0.40219.1
Project("{FAE04EC0-301F-11D3-BF4B-00C04F79EFBC}") = "SporcuOtomasyonu", "SporcuOtomasyonu\SporcuOtomasyonu.csproj", "{9508E7CB-2555-40DC-9392-FB9E22B10C3A}"
EndProject
Global
	GlobalSection(SolutionConfigurationPlatforms) = preSolution
		Debug|Any CPU = Debug|Any CPU
		Release|Any CPU = Release|Any CPU
	EndGlobalSection
	GlobalSection(ProjectConfigurationPlatforms) = postSolution
		{9508E7CB-2555-40DC-9392-FB9E22B10C3A}.Debug|Any CPU.ActiveCfg = Debug|Any CPU
		{9508E7CB-2555-40DC-9392-FB9E22B10C3A}.Debug|Any CPU.Build.0 = Debug|Any CPU
		{9508E7CB-2555-40DC-9392-FB9E22B10C3A}.Release|Any CPU.ActiveCfg = Release|Any CPU
		{9508E7CB-2555-40DC-9392-FB9E22B10C3A}.Release|Any CPU.Build.0 = Release|Any CPU
	EndGlobalSection
	GlobalSection(SolutionProperties) = preSolution
		HideSolutionNode = FALSE
	EndGlobalSection
	GlobalSection(ExtensibilityGlobals) = postSolution
		SolutionGuid = {742B429E-5AB7-4D0B-840F-4BCE064CB8B8}
	EndGlobalSection
EndGlobal
